Microsoft Visual Studio Solution File, Format Version 12.00
# Visual Studio Version 17
VisualStudioVersion = 17.5.2.0
MinimumVisualStudioVersion = 10.0.40219.1
Project("{FAE04EC0-301F-11D3-BF4B-00C04F79EFBC}") = "first-.NET-project", "first-.NET-project.csproj", "{8BAB8120-0B77-1422-E35B-A53019F1AB62}"
EndProject
Global
	GlobalSection(SolutionConfigurationPlatforms) = preSolution
		Debug|Any CPU = Debug|Any CPU
		Release|Any CPU = Release|Any CPU
	EndGlobalSection
	GlobalSection(ProjectConfigurationPlatforms) = postSolution
		{8BAB8120-0B77-1422-E35B-A53019F1AB62}.Debug|Any CPU.ActiveCfg = Debug|Any CPU
		{8BAB8120-0B77-1422-E35B-A53019F1AB62}.Debug|Any CPU.Build.0 = Debug|Any CPU
		{8BAB8120-0B77-1422-E35B-A53019F1AB62}.Release|Any CPU.ActiveCfg = Release|Any CPU
		{8BAB8120-0B77-1422-E35B-A53019F1AB62}.Release|Any CPU.Build.0 = Release|Any CPU
	EndGlobalSection
	GlobalSection(SolutionProperties) = preSolution
		HideSolutionNode = FALSE
	EndGlobalSection
	GlobalSection(ExtensibilityGlobals) = postSolution
		SolutionGuid = {A10699A0-BF38-405C-A2C7-3059890015AB}
	EndGlobalSection
EndGlobal
